// !$*UTF8*$!
{
	archiveVersion = 1;
	classes = {
	};
	objectVersion = 54;
	objects = {

/* Begin PBXBuildFile section */
		00E356F31AD99517003FC87E /* SheajPathAppTests.m in Sources */ = {isa = PBXBuildFile; fileRef = 00E356F21AD99517003FC87E /* SheajPathAppTests.m */; };
		0C80B921A6F3F58F76C31292 /* libPods-SheajPathApp.a in Frameworks */ = {isa = PBXBuildFile; fileRef = 5DCACB8F33CDC322A6C60F78 /* libPods-SheajPathApp.a */; };
		13B07FBC1A68108700A75B9A /* AppDelegate.mm in Sources */ = {isa = PBXBuildFile; fileRef = 13B07FB01A68108700A75B9A /* AppDelegate.mm */; };
		13B07FBF1A68108700A75B9A /* Images.xcassets in Resources */ = {isa = PBXBuildFile; fileRef = 13B07FB51A68108700A75B9A /* Images.xcassets */; };
		13B07FC11A68108700A75B9A /* main.m in Sources */ = {isa = PBXBuildFile; fileRef = 13B07FB71A68108700A75B9A /* main.m */; };
		7699B88040F8A987B510C191 /* libPods-SheajPathApp-SheajPathAppTests.a in Frameworks */ = {isa = PBXBuildFile; fileRef = 19F6CBCC0A4E27FBF8BF4A61 /* libPods-SheajPathApp-SheajPathAppTests.a */; };
		81AB9BB82411601600AC10FF /* LaunchScreen.storyboard in Resources */ = {isa = PBXBuildFile; fileRef = 81AB9BB72411601600AC10FF /* LaunchScreen.storyboard */; };
		8CE2C05613B14A14ACC22E2F /* Brandon-Grotesque-Black-.otf in Resources */ = {isa = PBXBuildFile; fileRef = 277D0B9DB5114E8A9C6D13FD /* Brandon-Grotesque-Black-.otf */; };
		9411FDABE89845A5A14BAEF8 /* Brandon-Grotesque-Bold-Italic-.otf in Resources */ = {isa = PBXBuildFile; fileRef = 4E3930D4740445C2B064516A /* Brandon-Grotesque-Bold-Italic-.otf */; };
		6732D53AED5F4B6E8DE5CED5 /* Brandon-Grotesque-Bold.otf in Resources */ = {isa = PBXBuildFile; fileRef = 425B6227C01A43E399967C2D /* Brandon-Grotesque-Bold.otf */; };
		45E4110AD0614865AD7AF8B3 /* Brandon-Grotesque-Light.otf in Resources */ = {isa = PBXBuildFile; fileRef = 2B7690DBF9114163ACDFD90D /* Brandon-Grotesque-Light.otf */; };
		06FA7E7E3ABE4F2185CF8F92 /* Brandon-Grotesque-Medium-Italic.otf in Resources */ = {isa = PBXBuildFile; fileRef = 2854292C1D934F2B98F82552 /* Brandon-Grotesque-Medium-Italic.otf */; };
		D75ED65846694945818EE263 /* Brandon-Grotesque-Medium.otf in Resources */ = {isa = PBXBuildFile; fileRef = 66D6E266DBF444689C16A166 /* Brandon-Grotesque-Medium.otf */; };
		2F87A47842524B04BCA0BD83 /* Brandon-Grotesque-Regular.otf in Resources */ = {isa = PBXBuildFile; fileRef = B30082A8270B4414BD16966F /* Brandon-Grotesque-Regular.otf */; };
		8632016635D94C6783107A46 /* Brandon-Grotesque-Thin-Italic.otf in Resources */ = {isa = PBXBuildFile; fileRef = BA99E12F9AA84337BC654A3C /* Brandon-Grotesque-Thin-Italic.otf */; };
		106A725D6A8A4CF28139EFF4 /* Brandon-Grotesque-Thin.otf in Resources */ = {isa = PBXBuildFile; fileRef = C017A904EE5948A494064BBF /* Brandon-Grotesque-Thin.otf */; };
		B93F3684CB6E43379BEE18CE /* BrandonGrotesque-Black.otf in Resources */ = {isa = PBXBuildFile; fileRef = BBF448B8CEB042E78D829CE8 /* BrandonGrotesque-Black.otf */; };
		85A8A207852146108E019C84 /* BrandonGrotesque-BlackItalic.otf in Resources */ = {isa = PBXBuildFile; fileRef = 8B9221F3BCC84E56B646F52B /* BrandonGrotesque-BlackItalic.otf */; };
		E3B22D07743B43C397F0255F /* BrandonGrotesque-Bold.otf in Resources */ = {isa = PBXBuildFile; fileRef = DBEB14C64AB24F7C8FB3A95A /* BrandonGrotesque-Bold.otf */; };
		BEE3ABF6FC7C462EAFFC481D /* BrandonGrotesque-BoldItalic.otf in Resources */ = {isa = PBXBuildFile; fileRef = 6B30B6E55FA44BD9A9B485B4 /* BrandonGrotesque-BoldItalic.otf */; };
		D94438A713CC492CBE772FF8 /* BrandonGrotesque-Light.otf in Resources */ = {isa = PBXBuildFile; fileRef = 755719D6342140938169ED23 /* BrandonGrotesque-Light.otf */; };
		499A5780094149EFB725CBC7 /* BrandonGrotesque-LightItalic.otf in Resources */ = {isa = PBXBuildFile; fileRef = 3FE74F5DCF704A7AAF1F6148 /* BrandonGrotesque-LightItalic.otf */; };
		A38E1B2FC9A7445791F81E90 /* BrandonGrotesque-Medium.otf in Resources */ = {isa = PBXBuildFile; fileRef = FD676B7F63E240179ABECCA1 /* BrandonGrotesque-Medium.otf */; };
		6FBD020F2C71458DB0500417 /* BrandonGrotesque-MediumItalic.otf in Resources */ = {isa = PBXBuildFile; fileRef = 15F2BD682F214A25B89DAD6D /* BrandonGrotesque-MediumItalic.otf */; };
		48611AF454D042C3B1B4F2EC /* BrandonGrotesque-Regular.otf in Resources */ = {isa = PBXBuildFile; fileRef = 35E08AFE647C4E5B9D5DE79D /* BrandonGrotesque-Regular.otf */; };
		E5E6A926C5C4452D90918926 /* BrandonGrotesque-RegularItalic.otf in Resources */ = {isa = PBXBuildFile; fileRef = DB8991DCD96840DF8E68B725 /* BrandonGrotesque-RegularItalic.otf */; };
		50DFB3331EBC4C44BEDB0DCD /* BrandonGrotesque-Thin.otf in Resources */ = {isa = PBXBuildFile; fileRef = 84A9959ACCE8409A8E08902E /* BrandonGrotesque-Thin.otf */; };
		E19903E0D6844846B85E9F05 /* BrandonGrotesque-ThinItalic.otf in Resources */ = {isa = PBXBuildFile; fileRef = 376D3B9BC8DA49648D73F11F /* BrandonGrotesque-ThinItalic.otf */; };
		C2A8ABCB9A7E48F8B31626F0 /* Recoleta-Regular.otf in Resources */ = {isa = PBXBuildFile; fileRef = 5AD75810268A4D18B2B6B059 /* Recoleta-Regular.otf */; };
		D68DA7FE835E4ADBBB3D409A /* brandon-grotesque-light-italic-58a8a4ccb88be.otf in Resources */ = {isa = PBXBuildFile; fileRef = E4E7147B0304498EA2D77721 /* brandon-grotesque-light-italic-58a8a4ccb88be.otf */; };
		8E416AC994994DC5AC02F32F /* brandon-grotesque-light-italic.otf in Resources */ = {isa = PBXBuildFile; fileRef = 4751F1B49CFD4AD081AD983D /* brandon-grotesque-light-italic.otf */; };
		0CA1AD15BF9D4C5FBBE0E4ED /* BalooPaaji2Bold.ttf in Resources */ = {isa = PBXBuildFile; fileRef = 6DB80CCF3CA5483BA82375A8 /* BalooPaaji2Bold.ttf */; };
		B0570A6066614E2CB073E7D8 /* BalooPaaji2ExtraBold.ttf in Resources */ = {isa = PBXBuildFile; fileRef = D19B382092564E8A926A2A3C /* BalooPaaji2ExtraBold.ttf */; };
		65F0DEC1E2824004A2FE7F4B /* BalooPaaji2Medium.ttf in Resources */ = {isa = PBXBuildFile; fileRef = 51D5E1E5D9CD40ECB1583871 /* BalooPaaji2Medium.ttf */; };
		CB838317ACCF4A17A9C2EFA7 /* BalooPaaji2Regular.ttf in Resources */ = {isa = PBXBuildFile; fileRef = 44DB875A085749FD89D2C70F /* BalooPaaji2Regular.ttf */; };
		87CC9442BD914FA7A66D9234 /* BalooPaaji2SemiBold.ttf in Resources */ = {isa = PBXBuildFile; fileRef = F6A2AFDDB8934DFCA019AB98 /* BalooPaaji2SemiBold.ttf */; };
/* End PBXBuildFile section */

/* Begin PBXContainerItemProxy section */
		00E356F41AD99517003FC87E /* PBXContainerItemProxy */ = {
			isa = PBXContainerItemProxy;
			containerPortal = 83CBB9F71A601CBA00E9B192 /* Project object */;
			proxyType = 1;
			remoteGlobalIDString = 13B07F861A680F5B00A75B9A;
			remoteInfo = SheajPathApp;
		};
/* End PBXContainerItemProxy section */

/* Begin PBXFileReference section */
		00E356EE1AD99517003FC87E /* SheajPathAppTests.xctest */ = {isa = PBXFileReference; explicitFileType = wrapper.cfbundle; includeInIndex = 0; path = SheajPathAppTests.xctest; sourceTree = BUILT_PRODUCTS_DIR; };
		00E356F11AD99517003FC87E /* Info.plist */ = {isa = PBXFileReference; lastKnownFileType = text.plist.xml; path = Info.plist; sourceTree = "<group>"; };
		00E356F21AD99517003FC87E /* SheajPathAppTests.m */ = {isa = PBXFileReference; lastKnownFileType = sourcecode.c.objc; path = SheajPathAppTests.m; sourceTree = "<group>"; };
		13B07F961A680F5B00A75B9A /* SheajPathApp.app */ = {isa = PBXFileReference; explicitFileType = wrapper.application; includeInIndex = 0; path = SheajPathApp.app; sourceTree = BUILT_PRODUCTS_DIR; };
		13B07FAF1A68108700A75B9A /* AppDelegate.h */ = {isa = PBXFileReference; fileEncoding = 4; lastKnownFileType = sourcecode.c.h; name = AppDelegate.h; path = SheajPathApp/AppDelegate.h; sourceTree = "<group>"; };
		13B07FB01A68108700A75B9A /* AppDelegate.mm */ = {isa = PBXFileReference; fileEncoding = 4; lastKnownFileType = sourcecode.cpp.objcpp; name = AppDelegate.mm; path = SheajPathApp/AppDelegate.mm; sourceTree = "<group>"; };
		13B07FB51A68108700A75B9A /* Images.xcassets */ = {isa = PBXFileReference; lastKnownFileType = folder.assetcatalog; name = Images.xcassets; path = SheajPathApp/Images.xcassets; sourceTree = "<group>"; };
		13B07FB61A68108700A75B9A /* Info.plist */ = {isa = PBXFileReference; fileEncoding = 4; lastKnownFileType = text.plist.xml; name = Info.plist; path = SheajPathApp/Info.plist; sourceTree = "<group>"; };
		13B07FB71A68108700A75B9A /* main.m */ = {isa = PBXFileReference; fileEncoding = 4; lastKnownFileType = sourcecode.c.objc; name = main.m; path = SheajPathApp/main.m; sourceTree = "<group>"; };
		13B07FB81A68108700A75B9A /* PrivacyInfo.xcprivacy */ = {isa = PBXFileReference; fileEncoding = 4; lastKnownFileType = text.plist.xml; name = PrivacyInfo.xcprivacy; path = SheajPathApp/PrivacyInfo.xcprivacy; sourceTree = "<group>"; };
		19F6CBCC0A4E27FBF8BF4A61 /* libPods-SheajPathApp-SheajPathAppTests.a */ = {isa = PBXFileReference; explicitFileType = archive.ar; includeInIndex = 0; path = "libPods-SheajPathApp-SheajPathAppTests.a"; sourceTree = BUILT_PRODUCTS_DIR; };
		3B4392A12AC88292D35C810B /* Pods-SheajPathApp.debug.xcconfig */ = {isa = PBXFileReference; includeInIndex = 1; lastKnownFileType = text.xcconfig; name = "Pods-SheajPathApp.debug.xcconfig"; path = "Target Support Files/Pods-SheajPathApp/Pods-SheajPathApp.debug.xcconfig"; sourceTree = "<group>"; };
		5709B34CF0A7D63546082F79 /* Pods-SheajPathApp.release.xcconfig */ = {isa = PBXFileReference; includeInIndex = 1; lastKnownFileType = text.xcconfig; name = "Pods-SheajPathApp.release.xcconfig"; path = "Target Support Files/Pods-SheajPathApp/Pods-SheajPathApp.release.xcconfig"; sourceTree = "<group>"; };
		5B7EB9410499542E8C5724F5 /* Pods-SheajPathApp-SheajPathAppTests.debug.xcconfig */ = {isa = PBXFileReference; includeInIndex = 1; lastKnownFileType = text.xcconfig; name = "Pods-SheajPathApp-SheajPathAppTests.debug.xcconfig"; path = "Target Support Files/Pods-SheajPathApp-SheajPathAppTests/Pods-SheajPathApp-SheajPathAppTests.debug.xcconfig"; sourceTree = "<group>"; };
		5DCACB8F33CDC322A6C60F78 /* libPods-SheajPathApp.a */ = {isa = PBXFileReference; explicitFileType = archive.ar; includeInIndex = 0; path = "libPods-SheajPathApp.a"; sourceTree = BUILT_PRODUCTS_DIR; };
		81AB9BB72411601600AC10FF /* LaunchScreen.storyboard */ = {isa = PBXFileReference; fileEncoding = 4; lastKnownFileType = file.storyboard; name = LaunchScreen.storyboard; path = SheajPathApp/LaunchScreen.storyboard; sourceTree = "<group>"; };
		89C6BE57DB24E9ADA2F236DE /* Pods-SheajPathApp-SheajPathAppTests.release.xcconfig */ = {isa = PBXFileReference; includeInIndex = 1; lastKnownFileType = text.xcconfig; name = "Pods-SheajPathApp-SheajPathAppTests.release.xcconfig"; path = "Target Support Files/Pods-SheajPathApp-SheajPathAppTests/Pods-SheajPathApp-SheajPathAppTests.release.xcconfig"; sourceTree = "<group>"; };
		ED297162215061F000B7C4FE /* JavaScriptCore.framework */ = {isa = PBXFileReference; lastKnownFileType = wrapper.framework; name = JavaScriptCore.framework; path = System/Library/Frameworks/JavaScriptCore.framework; sourceTree = SDKROOT; };
		277D0B9DB5114E8A9C6D13FD /* Brandon-Grotesque-Black-.otf */ = {isa = PBXFileReference; name = "Brandon-Grotesque-Black-.otf"; path = "../assets/fonts/Brandon-Grotesque-Black-.otf"; sourceTree = "<group>"; fileEncoding = undefined; lastKnownFileType = unknown; explicitFileType = undefined; includeInIndex = 0; };
		4E3930D4740445C2B064516A /* Brandon-Grotesque-Bold-Italic-.otf */ = {isa = PBXFileReference; name = "Brandon-Grotesque-Bold-Italic-.otf"; path = "../assets/fonts/Brandon-Grotesque-Bold-Italic-.otf"; sourceTree = "<group>"; fileEncoding = undefined; lastKnownFileType = unknown; explicitFileType = undefined; includeInIndex = 0; };
		425B6227C01A43E399967C2D /* Brandon-Grotesque-Bold.otf */ = {isa = PBXFileReference; name = "Brandon-Grotesque-Bold.otf"; path = "../assets/fonts/Brandon-Grotesque-Bold.otf"; sourceTree = "<group>"; fileEncoding = undefined; lastKnownFileType = unknown; explicitFileType = undefined; includeInIndex = 0; };
		2B7690DBF9114163ACDFD90D /* Brandon-Grotesque-Light.otf */ = {isa = PBXFileReference; name = "Brandon-Grotesque-Light.otf"; path = "../assets/fonts/Brandon-Grotesque-Light.otf"; sourceTree = "<group>"; fileEncoding = undefined; lastKnownFileType = unknown; explicitFileType = undefined; includeInIndex = 0; };
		2854292C1D934F2B98F82552 /* Brandon-Grotesque-Medium-Italic.otf */ = {isa = PBXFileReference; name = "Brandon-Grotesque-Medium-Italic.otf"; path = "../assets/fonts/Brandon-Grotesque-Medium-Italic.otf"; sourceTree = "<group>"; fileEncoding = undefined; lastKnownFileType = unknown; explicitFileType = undefined; includeInIndex = 0; };
		66D6E266DBF444689C16A166 /* Brandon-Grotesque-Medium.otf */ = {isa = PBXFileReference; name = "Brandon-Grotesque-Medium.otf"; path = "../assets/fonts/Brandon-Grotesque-Medium.otf"; sourceTree = "<group>"; fileEncoding = undefined; lastKnownFileType = unknown; explicitFileType = undefined; includeInIndex = 0; };
		B30082A8270B4414BD16966F /* Brandon-Grotesque-Regular.otf */ = {isa = PBXFileReference; name = "Brandon-Grotesque-Regular.otf"; path = "../assets/fonts/Brandon-Grotesque-Regular.otf"; sourceTree = "<group>"; fileEncoding = undefined; lastKnownFileType = unknown; explicitFileType = undefined; includeInIndex = 0; };
		BA99E12F9AA84337BC654A3C /* Brandon-Grotesque-Thin-Italic.otf */ = {isa = PBXFileReference; name = "Brandon-Grotesque-Thin-Italic.otf"; path = "../assets/fonts/Brandon-Grotesque-Thin-Italic.otf"; sourceTree = "<group>"; fileEncoding = undefined; lastKnownFileType = unknown; explicitFileType = undefined; includeInIndex = 0; };
		C017A904EE5948A494064BBF /* Brandon-Grotesque-Thin.otf */ = {isa = PBXFileReference; name = "Brandon-Grotesque-Thin.otf"; path = "../assets/fonts/Brandon-Grotesque-Thin.otf"; sourceTree = "<group>"; fileEncoding = undefined; lastKnownFileType = unknown; explicitFileType = undefined; includeInIndex = 0; };
		BBF448B8CEB042E78D829CE8 /* BrandonGrotesque-Black.otf */ = {isa = PBXFileReference; name = "BrandonGrotesque-Black.otf"; path = "../assets/fonts/BrandonGrotesque-Black.otf"; sourceTree = "<group>"; fileEncoding = undefined; lastKnownFileType = unknown; explicitFileType = undefined; includeInIndex = 0; };
		8B9221F3BCC84E56B646F52B /* BrandonGrotesque-BlackItalic.otf */ = {isa = PBXFileReference; name = "BrandonGrotesque-BlackItalic.otf"; path = "../assets/fonts/BrandonGrotesque-BlackItalic.otf"; sourceTree = "<group>"; fileEncoding = undefined; lastKnownFileType = unknown; explicitFileType = undefined; includeInIndex = 0; };
		DBEB14C64AB24F7C8FB3A95A /* BrandonGrotesque-Bold.otf */ = {isa = PBXFileReference; name = "BrandonGrotesque-Bold.otf"; path = "../assets/fonts/BrandonGrotesque-Bold.otf"; sourceTree = "<group>"; fileEncoding = undefined; lastKnownFileType = unknown; explicitFileType = undefined; includeInIndex = 0; };
		6B30B6E55FA44BD9A9B485B4 /* BrandonGrotesque-BoldItalic.otf */ = {isa = PBXFileReference; name = "BrandonGrotesque-BoldItalic.otf"; path = "../assets/fonts/BrandonGrotesque-BoldItalic.otf"; sourceTree = "<group>"; fileEncoding = undefined; lastKnownFileType = unknown; explicitFileType = undefined; includeInIndex = 0; };
		755719D6342140938169ED23 /* BrandonGrotesque-Light.otf */ = {isa = PBXFileReference; name = "BrandonGrotesque-Light.otf"; path = "../assets/fonts/BrandonGrotesque-Light.otf"; sourceTree = "<group>"; fileEncoding = undefined; lastKnownFileType = unknown; explicitFileType = undefined; includeInIndex = 0; };
		3FE74F5DCF704A7AAF1F6148 /* BrandonGrotesque-LightItalic.otf */ = {isa = PBXFileReference; name = "BrandonGrotesque-LightItalic.otf"; path = "../assets/fonts/BrandonGrotesque-LightItalic.otf"; sourceTree = "<group>"; fileEncoding = undefined; lastKnownFileType = unknown; explicitFileType = undefined; includeInIndex = 0; };
		FD676B7F63E240179ABECCA1 /* BrandonGrotesque-Medium.otf */ = {isa = PBXFileReference; name = "BrandonGrotesque-Medium.otf"; path = "../assets/fonts/BrandonGrotesque-Medium.otf"; sourceTree = "<group>"; fileEncoding = undefined; lastKnownFileType = unknown; explicitFileType = undefined; includeInIndex = 0; };
		15F2BD682F214A25B89DAD6D /* BrandonGrotesque-MediumItalic.otf */ = {isa = PBXFileReference; name = "BrandonGrotesque-MediumItalic.otf"; path = "../assets/fonts/BrandonGrotesque-MediumItalic.otf"; sourceTree = "<group>"; fileEncoding = undefined; lastKnownFileType = unknown; explicitFileType = undefined; includeInIndex = 0; };
		35E08AFE647C4E5B9D5DE79D /* BrandonGrotesque-Regular.otf */ = {isa = PBXFileReference; name = "BrandonGrotesque-Regular.otf"; path = "../assets/fonts/BrandonGrotesque-Regular.otf"; sourceTree = "<group>"; fileEncoding = undefined; lastKnownFileType = unknown; explicitFileType = undefined; includeInIndex = 0; };
		DB8991DCD96840DF8E68B725 /* BrandonGrotesque-RegularItalic.otf */ = {isa = PBXFileReference; name = "BrandonGrotesque-RegularItalic.otf"; path = "../assets/fonts/BrandonGrotesque-RegularItalic.otf"; sourceTree = "<group>"; fileEncoding = undefined; lastKnownFileType = unknown; explicitFileType = undefined; includeInIndex = 0; };
		84A9959ACCE8409A8E08902E /* BrandonGrotesque-Thin.otf */ = {isa = PBXFileReference; name = "BrandonGrotesque-Thin.otf"; path = "../assets/fonts/BrandonGrotesque-Thin.otf"; sourceTree = "<group>"; fileEncoding = undefined; lastKnownFileType = unknown; explicitFileType = undefined; includeInIndex = 0; };
		376D3B9BC8DA49648D73F11F /* BrandonGrotesque-ThinItalic.otf */ = {isa = PBXFileReference; name = "BrandonGrotesque-ThinItalic.otf"; path = "../assets/fonts/BrandonGrotesque-ThinItalic.otf"; sourceTree = "<group>"; fileEncoding = undefined; lastKnownFileType = unknown; explicitFileType = undefined; includeInIndex = 0; };
		5AD75810268A4D18B2B6B059 /* Recoleta-Regular.otf */ = {isa = PBXFileReference; name = "Recoleta-Regular.otf"; path = "../assets/fonts/Recoleta-Regular.otf"; sourceTree = "<group>"; fileEncoding = undefined; lastKnownFileType = unknown; explicitFileType = undefined; includeInIndex = 0; };
		E4E7147B0304498EA2D77721 /* brandon-grotesque-light-italic-58a8a4ccb88be.otf */ = {isa = PBXFileReference; name = "brandon-grotesque-light-italic-58a8a4ccb88be.otf"; path = "../assets/fonts/brandon-grotesque-light-italic-58a8a4ccb88be.otf"; sourceTree = "<group>"; fileEncoding = undefined; lastKnownFileType = unknown; explicitFileType = undefined; includeInIndex = 0; };
		4751F1B49CFD4AD081AD983D /* brandon-grotesque-light-italic.otf */ = {isa = PBXFileReference; name = "brandon-grotesque-light-italic.otf"; path = "../assets/fonts/brandon-grotesque-light-italic.otf"; sourceTree = "<group>"; fileEncoding = undefined; lastKnownFileType = unknown; explicitFileType = undefined; includeInIndex = 0; };
		6DB80CCF3CA5483BA82375A8 /* BalooPaaji2Bold.ttf */ = {isa = PBXFileReference; name = "BalooPaaji2Bold.ttf"; path = "../assets/fonts/BalooPaaji2Bold.ttf"; sourceTree = "<group>"; fileEncoding = undefined; lastKnownFileType = unknown; explicitFileType = undefined; includeInIndex = 0; };
		D19B382092564E8A926A2A3C /* BalooPaaji2ExtraBold.ttf */ = {isa = PBXFileReference; name = "BalooPaaji2ExtraBold.ttf"; path = "../assets/fonts/BalooPaaji2ExtraBold.ttf"; sourceTree = "<group>"; fileEncoding = undefined; lastKnownFileType = unknown; explicitFileType = undefined; includeInIndex = 0; };
		51D5E1E5D9CD40ECB1583871 /* BalooPaaji2Medium.ttf */ = {isa = PBXFileReference; name = "BalooPaaji2Medium.ttf"; path = "../assets/fonts/BalooPaaji2Medium.ttf"; sourceTree = "<group>"; fileEncoding = undefined; lastKnownFileType = unknown; explicitFileType = undefined; includeInIndex = 0; };
		44DB875A085749FD89D2C70F /* BalooPaaji2Regular.ttf */ = {isa = PBXFileReference; name = "BalooPaaji2Regular.ttf"; path = "../assets/fonts/BalooPaaji2Regular.ttf"; sourceTree = "<group>"; fileEncoding = undefined; lastKnownFileType = unknown; explicitFileType = undefined; includeInIndex = 0; };
		F6A2AFDDB8934DFCA019AB98 /* BalooPaaji2SemiBold.ttf */ = {isa = PBXFileReference; name = "BalooPaaji2SemiBold.ttf"; path = "../assets/fonts/BalooPaaji2SemiBold.ttf"; sourceTree = "<group>"; fileEncoding = undefined; lastKnownFileType = unknown; explicitFileType = undefined; includeInIndex = 0; };
/* End PBXFileReference section */

/* Begin PBXFrameworksBuildPhase section */
		00E356EB1AD99517003FC87E /* Frameworks */ = {
			isa = PBXFrameworksBuildPhase;
			buildActionMask = 2147483647;
			files = (
				7699B88040F8A987B510C191 /* libPods-SheajPathApp-SheajPathAppTests.a in Frameworks */,
			);
			runOnlyForDeploymentPostprocessing = 0;
		};
		13B07F8C1A680F5B00A75B9A /* Frameworks */ = {
			isa = PBXFrameworksBuildPhase;
			buildActionMask = 2147483647;
			files = (
				0C80B921A6F3F58F76C31292 /* libPods-SheajPathApp.a in Frameworks */,
			);
			runOnlyForDeploymentPostprocessing = 0;
		};
/* End PBXFrameworksBuildPhase section */

/* Begin PBXGroup section */
		00E356EF1AD99517003FC87E /* SheajPathAppTests */ = {
			isa = PBXGroup;
			children = (
				00E356F21AD99517003FC87E /* SheajPathAppTests.m */,
				00E356F01AD99517003FC87E /* Supporting Files */,
			);
			path = SheajPathAppTests;
			sourceTree = "<group>";
		};
		00E356F01AD99517003FC87E /* Supporting Files */ = {
			isa = PBXGroup;
			children = (
				00E356F11AD99517003FC87E /* Info.plist */,
			);
			name = "Supporting Files";
			sourceTree = "<group>";
		};
		13B07FAE1A68108700A75B9A /* SheajPathApp */ = {
			isa = PBXGroup;
			children = (
				13B07FAF1A68108700A75B9A /* AppDelegate.h */,
				13B07FB01A68108700A75B9A /* AppDelegate.mm */,
				13B07FB51A68108700A75B9A /* Images.xcassets */,
				13B07FB61A68108700A75B9A /* Info.plist */,
				81AB9BB72411601600AC10FF /* LaunchScreen.storyboard */,
				13B07FB71A68108700A75B9A /* main.m */,
				13B07FB81A68108700A75B9A /* PrivacyInfo.xcprivacy */,
			);
			name = SheajPathApp;
			sourceTree = "<group>";
		};
		2D16E6871FA4F8E400B85C8A /* Frameworks */ = {
			isa = PBXGroup;
			children = (
				ED297162215061F000B7C4FE /* JavaScriptCore.framework */,
				5DCACB8F33CDC322A6C60F78 /* libPods-SheajPathApp.a */,
				19F6CBCC0A4E27FBF8BF4A61 /* libPods-SheajPathApp-SheajPathAppTests.a */,
			);
			name = Frameworks;
			sourceTree = "<group>";
		};
		832341AE1AAA6A7D00B99B32 /* Libraries */ = {
			isa = PBXGroup;
			children = (
			);
			name = Libraries;
			sourceTree = "<group>";
		};
		83CBB9F61A601CBA00E9B192 = {
			isa = PBXGroup;
			children = (
				13B07FAE1A68108700A75B9A /* SheajPathApp */,
				832341AE1AAA6A7D00B99B32 /* Libraries */,
				00E356EF1AD99517003FC87E /* SheajPathAppTests */,
				83CBBA001A601CBA00E9B192 /* Products */,
				2D16E6871FA4F8E400B85C8A /* Frameworks */,
				BBD78D7AC51CEA395F1C20DB /* Pods */,
				66CE5C5A841B4529B37F5E05 /* Resources */,
			);
			indentWidth = 2;
			sourceTree = "<group>";
			tabWidth = 2;
			usesTabs = 0;
		};
		83CBBA001A601CBA00E9B192 /* Products */ = {
			isa = PBXGroup;
			children = (
				13B07F961A680F5B00A75B9A /* SheajPathApp.app */,
				00E356EE1AD99517003FC87E /* SheajPathAppTests.xctest */,
			);
			name = Products;
			sourceTree = "<group>";
		};
		BBD78D7AC51CEA395F1C20DB /* Pods */ = {
			isa = PBXGroup;
			children = (
				3B4392A12AC88292D35C810B /* Pods-SheajPathApp.debug.xcconfig */,
				5709B34CF0A7D63546082F79 /* Pods-SheajPathApp.release.xcconfig */,
				5B7EB9410499542E8C5724F5 /* Pods-SheajPathApp-SheajPathAppTests.debug.xcconfig */,
				89C6BE57DB24E9ADA2F236DE /* Pods-SheajPathApp-SheajPathAppTests.release.xcconfig */,
			);
			path = Pods;
			sourceTree = "<group>";
		};
		66CE5C5A841B4529B37F5E05 /* Resources */ = {
			isa = "PBXGroup";
			children = (
				277D0B9DB5114E8A9C6D13FD /* Brandon-Grotesque-Black-.otf */,
				4E3930D4740445C2B064516A /* Brandon-Grotesque-Bold-Italic-.otf */,
				425B6227C01A43E399967C2D /* Brandon-Grotesque-Bold.otf */,
				2B7690DBF9114163ACDFD90D /* Brandon-Grotesque-Light.otf */,
				2854292C1D934F2B98F82552 /* Brandon-Grotesque-Medium-Italic.otf */,
				66D6E266DBF444689C16A166 /* Brandon-Grotesque-Medium.otf */,
				B30082A8270B4414BD16966F /* Brandon-Grotesque-Regular.otf */,
				BA99E12F9AA84337BC654A3C /* Brandon-Grotesque-Thin-Italic.otf */,
				C017A904EE5948A494064BBF /* Brandon-Grotesque-Thin.otf */,
				BBF448B8CEB042E78D829CE8 /* BrandonGrotesque-Black.otf */,
				8B9221F3BCC84E56B646F52B /* BrandonGrotesque-BlackItalic.otf */,
				DBEB14C64AB24F7C8FB3A95A /* BrandonGrotesque-Bold.otf */,
				6B30B6E55FA44BD9A9B485B4 /* BrandonGrotesque-BoldItalic.otf */,
				755719D6342140938169ED23 /* BrandonGrotesque-Light.otf */,
				3FE74F5DCF704A7AAF1F6148 /* BrandonGrotesque-LightItalic.otf */,
				FD676B7F63E240179ABECCA1 /* BrandonGrotesque-Medium.otf */,
				15F2BD682F214A25B89DAD6D /* BrandonGrotesque-MediumItalic.otf */,
				35E08AFE647C4E5B9D5DE79D /* BrandonGrotesque-Regular.otf */,
				DB8991DCD96840DF8E68B725 /* BrandonGrotesque-RegularItalic.otf */,
				84A9959ACCE8409A8E08902E /* BrandonGrotesque-Thin.otf */,
				376D3B9BC8DA49648D73F11F /* BrandonGrotesque-ThinItalic.otf */,
				5AD75810268A4D18B2B6B059 /* Recoleta-Regular.otf */,
				E4E7147B0304498EA2D77721 /* brandon-grotesque-light-italic-58a8a4ccb88be.otf */,
				4751F1B49CFD4AD081AD983D /* brandon-grotesque-light-italic.otf */,
				6DB80CCF3CA5483BA82375A8 /* BalooPaaji2Bold.ttf */,
				D19B382092564E8A926A2A3C /* BalooPaaji2ExtraBold.ttf */,
				51D5E1E5D9CD40ECB1583871 /* BalooPaaji2Medium.ttf */,
				44DB875A085749FD89D2C70F /* BalooPaaji2Regular.ttf */,
				F6A2AFDDB8934DFCA019AB98 /* BalooPaaji2SemiBold.ttf */,
			);
			name = Resources;
			sourceTree = "<group>";
			path = "";
		};
/* End PBXGroup section */

/* Begin PBXNativeTarget section */
		00E356ED1AD99517003FC87E /* SheajPathAppTests */ = {
			isa = PBXNativeTarget;
			buildConfigurationList = 00E357021AD99517003FC87E /* Build configuration list for PBXNativeTarget "SheajPathAppTests" */;
			buildPhases = (
				A55EABD7B0C7F3A422A6CC61 /* [CP] Check Pods Manifest.lock */,
				00E356EA1AD99517003FC87E /* Sources */,
				00E356EB1AD99517003FC87E /* Frameworks */,
				00E356EC1AD99517003FC87E /* Resources */,
				C59DA0FBD6956966B86A3779 /* [CP] Embed Pods Frameworks */,
				F6A41C54EA430FDDC6A6ED99 /* [CP] Copy Pods Resources */,
			);
			buildRules = (
			);
			dependencies = (
				00E356F51AD99517003FC87E /* PBXTargetDependency */,
			);
			name = SheajPathAppTests;
			productName = SheajPathAppTests;
			productReference = 00E356EE1AD99517003FC87E /* SheajPathAppTests.xctest */;
			productType = "com.apple.product-type.bundle.unit-test";
		};
		13B07F861A680F5B00A75B9A /* SheajPathApp */ = {
			isa = PBXNativeTarget;
			buildConfigurationList = 13B07F931A680F5B00A75B9A /* Build configuration list for PBXNativeTarget "SheajPathApp" */;
			buildPhases = (
				C38B50BA6285516D6DCD4F65 /* [CP] Check Pods Manifest.lock */,
				13B07F871A680F5B00A75B9A /* Sources */,
				13B07F8C1A680F5B00A75B9A /* Frameworks */,
				13B07F8E1A680F5B00A75B9A /* Resources */,
				00DD1BFF1BD5951E006B06BC /* Bundle React Native code and images */,
				00EEFC60759A1932668264C0 /* [CP] Embed Pods Frameworks */,
				E235C05ADACE081382539298 /* [CP] Copy Pods Resources */,
			);
			buildRules = (
			);
			dependencies = (
			);
			name = SheajPathApp;
			productName = SheajPathApp;
			productReference = 13B07F961A680F5B00A75B9A /* SheajPathApp.app */;
			productType = "com.apple.product-type.application";
		};
/* End PBXNativeTarget section */

/* Begin PBXProject section */
		83CBB9F71A601CBA00E9B192 /* Project object */ = {
			isa = PBXProject;
			attributes = {
				LastUpgradeCheck = 1210;
				TargetAttributes = {
					00E356ED1AD99517003FC87E = {
						CreatedOnToolsVersion = 6.2;
						TestTargetID = 13B07F861A680F5B00A75B9A;
					};
					13B07F861A680F5B00A75B9A = {
						LastSwiftMigration = 1120;
					};
				};
			};
			buildConfigurationList = 83CBB9FA1A601CBA00E9B192 /* Build configuration list for PBXProject "SheajPathApp" */;
			compatibilityVersion = "Xcode 12.0";
			developmentRegion = en;
			hasScannedForEncodings = 0;
			knownRegions = (
				en,
				Base,
			);
			mainGroup = 83CBB9F61A601CBA00E9B192;
			productRefGroup = 83CBBA001A601CBA00E9B192 /* Products */;
			projectDirPath = "";
			projectRoot = "";
			targets = (
				13B07F861A680F5B00A75B9A /* SheajPathApp */,
				00E356ED1AD99517003FC87E /* SheajPathAppTests */,
			);
		};
/* End PBXProject section */

/* Begin PBXResourcesBuildPhase section */
		00E356EC1AD99517003FC87E /* Resources */ = {
			isa = PBXResourcesBuildPhase;
			buildActionMask = 2147483647;
			files = (
			);
			runOnlyForDeploymentPostprocessing = 0;
		};
		13B07F8E1A680F5B00A75B9A /* Resources */ = {
			isa = PBXResourcesBuildPhase;
			buildActionMask = 2147483647;
			files = (
				81AB9BB82411601600AC10FF /* LaunchScreen.storyboard in Resources */,
				13B07FBF1A68108700A75B9A /* Images.xcassets in Resources */,
				8CE2C05613B14A14ACC22E2F /* Brandon-Grotesque-Black-.otf in Resources */,
				9411FDABE89845A5A14BAEF8 /* Brandon-Grotesque-Bold-Italic-.otf in Resources */,
				6732D53AED5F4B6E8DE5CED5 /* Brandon-Grotesque-Bold.otf in Resources */,
				45E4110AD0614865AD7AF8B3 /* Brandon-Grotesque-Light.otf in Resources */,
				06FA7E7E3ABE4F2185CF8F92 /* Brandon-Grotesque-Medium-Italic.otf in Resources */,
				D75ED65846694945818EE263 /* Brandon-Grotesque-Medium.otf in Resources */,
				2F87A47842524B04BCA0BD83 /* Brandon-Grotesque-Regular.otf in Resources */,
				8632016635D94C6783107A46 /* Brandon-Grotesque-Thin-Italic.otf in Resources */,
				106A725D6A8A4CF28139EFF4 /* Brandon-Grotesque-Thin.otf in Resources */,
				B93F3684CB6E43379BEE18CE /* BrandonGrotesque-Black.otf in Resources */,
				85A8A207852146108E019C84 /* BrandonGrotesque-BlackItalic.otf in Resources */,
				E3B22D07743B43C397F0255F /* BrandonGrotesque-Bold.otf in Resources */,
				BEE3ABF6FC7C462EAFFC481D /* BrandonGrotesque-BoldItalic.otf in Resources */,
				D94438A713CC492CBE772FF8 /* BrandonGrotesque-Light.otf in Resources */,
				499A5780094149EFB725CBC7 /* BrandonGrotesque-LightItalic.otf in Resources */,
				A38E1B2FC9A7445791F81E90 /* BrandonGrotesque-Medium.otf in Resources */,
				6FBD020F2C71458DB0500417 /* BrandonGrotesque-MediumItalic.otf in Resources */,
				48611AF454D042C3B1B4F2EC /* BrandonGrotesque-Regular.otf in Resources */,
				E5E6A926C5C4452D90918926 /* BrandonGrotesque-RegularItalic.otf in Resources */,
				50DFB3331EBC4C44BEDB0DCD /* BrandonGrotesque-Thin.otf in Resources */,
				E19903E0D6844846B85E9F05 /* BrandonGrotesque-ThinItalic.otf in Resources */,
				C2A8ABCB9A7E48F8B31626F0 /* Recoleta-Regular.otf in Resources */,
				D68DA7FE835E4ADBBB3D409A /* brandon-grotesque-light-italic-58a8a4ccb88be.otf in Resources */,
				8E416AC994994DC5AC02F32F /* brandon-grotesque-light-italic.otf in Resources */,
				0CA1AD15BF9D4C5FBBE0E4ED /* BalooPaaji2Bold.ttf in Resources */,
				B0570A6066614E2CB073E7D8 /* BalooPaaji2ExtraBold.ttf in Resources */,
				65F0DEC1E2824004A2FE7F4B /* BalooPaaji2Medium.ttf in Resources */,
				CB838317ACCF4A17A9C2EFA7 /* BalooPaaji2Regular.ttf in Resources */,
				87CC9442BD914FA7A66D9234 /* BalooPaaji2SemiBold.ttf in Resources */,
			);
			runOnlyForDeploymentPostprocessing = 0;
		};
/* End PBXResourcesBuildPhase section */

/* Begin PBXShellScriptBuildPhase section */
		00DD1BFF1BD5951E006B06BC /* Bundle React Native code and images */ = {
			isa = PBXShellScriptBuildPhase;
			buildActionMask = 2147483647;
			files = (
			);
			inputPaths = (
				"$(SRCROOT)/.xcode.env.local",
				"$(SRCROOT)/.xcode.env",
			);
			name = "Bundle React Native code and images";
			outputPaths = (
			);
			runOnlyForDeploymentPostprocessing = 0;
			shellPath = /bin/sh;
			shellScript = "set -e\n\nWITH_ENVIRONMENT=\"$REACT_NATIVE_PATH/scripts/xcode/with-environment.sh\"\nREACT_NATIVE_XCODE=\"$REACT_NATIVE_PATH/scripts/react-native-xcode.sh\"\n\n/bin/sh -c \"$WITH_ENVIRONMENT $REACT_NATIVE_XCODE\"\n";
		};
		00EEFC60759A1932668264C0 /* [CP] Embed Pods Frameworks */ = {
			isa = PBXShellScriptBuildPhase;
			buildActionMask = 2147483647;
			files = (
			);
			inputFileListPaths = (
				"${PODS_ROOT}/Target Support Files/Pods-SheajPathApp/Pods-SheajPathApp-frameworks-${CONFIGURATION}-input-files.xcfilelist",
			);
			name = "[CP] Embed Pods Frameworks";
			outputFileListPaths = (
				"${PODS_ROOT}/Target Support Files/Pods-SheajPathApp/Pods-SheajPathApp-frameworks-${CONFIGURATION}-output-files.xcfilelist",
			);
			runOnlyForDeploymentPostprocessing = 0;
			shellPath = /bin/sh;
			shellScript = "\"${PODS_ROOT}/Target Support Files/Pods-SheajPathApp/Pods-SheajPathApp-frameworks.sh\"\n";
			showEnvVarsInLog = 0;
		};
		A55EABD7B0C7F3A422A6CC61 /* [CP] Check Pods Manifest.lock */ = {
			isa = PBXShellScriptBuildPhase;
			buildActionMask = 2147483647;
			files = (
			);
			inputFileListPaths = (
			);
			inputPaths = (
				"${PODS_PODFILE_DIR_PATH}/Podfile.lock",
				"${PODS_ROOT}/Manifest.lock",
			);
			name = "[CP] Check Pods Manifest.lock";
			outputFileListPaths = (
			);
			outputPaths = (
				"$(DERIVED_FILE_DIR)/Pods-SheajPathApp-SheajPathAppTests-checkManifestLockResult.txt",
			);
			runOnlyForDeploymentPostprocessing = 0;
			shellPath = /bin/sh;
			shellScript = "diff \"${PODS_PODFILE_DIR_PATH}/Podfile.lock\" \"${PODS_ROOT}/Manifest.lock\" > /dev/null\nif [ $? != 0 ] ; then\n    # print error to STDERR\n    echo \"error: The sandbox is not in sync with the Podfile.lock. Run 'pod install' or update your CocoaPods installation.\" >&2\n    exit 1\nfi\n# This output is used by Xcode 'outputs' to avoid re-running this script phase.\necho \"SUCCESS\" > \"${SCRIPT_OUTPUT_FILE_0}\"\n";
			showEnvVarsInLog = 0;
		};
		C38B50BA6285516D6DCD4F65 /* [CP] Check Pods Manifest.lock */ = {
			isa = PBXShellScriptBuildPhase;
			buildActionMask = 2147483647;
			files = (
			);
			inputFileListPaths = (
			);
			inputPaths = (
				"${PODS_PODFILE_DIR_PATH}/Podfile.lock",
				"${PODS_ROOT}/Manifest.lock",
			);
			name = "[CP] Check Pods Manifest.lock";
			outputFileListPaths = (
			);
			outputPaths = (
				"$(DERIVED_FILE_DIR)/Pods-SheajPathApp-checkManifestLockResult.txt",
			);
			runOnlyForDeploymentPostprocessing = 0;
			shellPath = /bin/sh;
			shellScript = "diff \"${PODS_PODFILE_DIR_PATH}/Podfile.lock\" \"${PODS_ROOT}/Manifest.lock\" > /dev/null\nif [ $? != 0 ] ; then\n    # print error to STDERR\n    echo \"error: The sandbox is not in sync with the Podfile.lock. Run 'pod install' or update your CocoaPods installation.\" >&2\n    exit 1\nfi\n# This output is used by Xcode 'outputs' to avoid re-running this script phase.\necho \"SUCCESS\" > \"${SCRIPT_OUTPUT_FILE_0}\"\n";
			showEnvVarsInLog = 0;
		};
		C59DA0FBD6956966B86A3779 /* [CP] Embed Pods Frameworks */ = {
			isa = PBXShellScriptBuildPhase;
			buildActionMask = 2147483647;
			files = (
			);
			inputFileListPaths = (
				"${PODS_ROOT}/Target Support Files/Pods-SheajPathApp-SheajPathAppTests/Pods-SheajPathApp-SheajPathAppTests-frameworks-${CONFIGURATION}-input-files.xcfilelist",
			);
			name = "[CP] Embed Pods Frameworks";
			outputFileListPaths = (
				"${PODS_ROOT}/Target Support Files/Pods-SheajPathApp-SheajPathAppTests/Pods-SheajPathApp-SheajPathAppTests-frameworks-${CONFIGURATION}-output-files.xcfilelist",
			);
			runOnlyForDeploymentPostprocessing = 0;
			shellPath = /bin/sh;
			shellScript = "\"${PODS_ROOT}/Target Support Files/Pods-SheajPathApp-SheajPathAppTests/Pods-SheajPathApp-SheajPathAppTests-frameworks.sh\"\n";
			showEnvVarsInLog = 0;
		};
		E235C05ADACE081382539298 /* [CP] Copy Pods Resources */ = {
			isa = PBXShellScriptBuildPhase;
			buildActionMask = 2147483647;
			files = (
			);
			inputFileListPaths = (
				"${PODS_ROOT}/Target Support Files/Pods-SheajPathApp/Pods-SheajPathApp-resources-${CONFIGURATION}-input-files.xcfilelist",
			);
			name = "[CP] Copy Pods Resources";
			outputFileListPaths = (
				"${PODS_ROOT}/Target Support Files/Pods-SheajPathApp/Pods-SheajPathApp-resources-${CONFIGURATION}-output-files.xcfilelist",
			);
			runOnlyForDeploymentPostprocessing = 0;
			shellPath = /bin/sh;
			shellScript = "\"${PODS_ROOT}/Target Support Files/Pods-SheajPathApp/Pods-SheajPathApp-resources.sh\"\n";
			showEnvVarsInLog = 0;
		};
		F6A41C54EA430FDDC6A6ED99 /* [CP] Copy Pods Resources */ = {
			isa = PBXShellScriptBuildPhase;
			buildActionMask = 2147483647;
			files = (
			);
			inputFileListPaths = (
				"${PODS_ROOT}/Target Support Files/Pods-SheajPathApp-SheajPathAppTests/Pods-SheajPathApp-SheajPathAppTests-resources-${CONFIGURATION}-input-files.xcfilelist",
			);
			name = "[CP] Copy Pods Resources";
			outputFileListPaths = (
				"${PODS_ROOT}/Target Support Files/Pods-SheajPathApp-SheajPathAppTests/Pods-SheajPathApp-SheajPathAppTests-resources-${CONFIGURATION}-output-files.xcfilelist",
			);
			runOnlyForDeploymentPostprocessing = 0;
			shellPath = /bin/sh;
			shellScript = "\"${PODS_ROOT}/Target Support Files/Pods-SheajPathApp-SheajPathAppTests/Pods-SheajPathApp-SheajPathAppTests-resources.sh\"\n";
			showEnvVarsInLog = 0;
		};
/* End PBXShellScriptBuildPhase section */

/* Begin PBXSourcesBuildPhase section */
		00E356EA1AD99517003FC87E /* Sources */ = {
			isa = PBXSourcesBuildPhase;
			buildActionMask = 2147483647;
			files = (
				00E356F31AD99517003FC87E /* SheajPathAppTests.m in Sources */,
			);
			runOnlyForDeploymentPostprocessing = 0;
		};
		13B07F871A680F5B00A75B9A /* Sources */ = {
			isa = PBXSourcesBuildPhase;
			buildActionMask = 2147483647;
			files = (
				13B07FBC1A68108700A75B9A /* AppDelegate.mm in Sources */,
				13B07FC11A68108700A75B9A /* main.m in Sources */,
			);
			runOnlyForDeploymentPostprocessing = 0;
		};
/* End PBXSourcesBuildPhase section */

/* Begin PBXTargetDependency section */
		00E356F51AD99517003FC87E /* PBXTargetDependency */ = {
			isa = PBXTargetDependency;
			target = 13B07F861A680F5B00A75B9A /* SheajPathApp */;
			targetProxy = 00E356F41AD99517003FC87E /* PBXContainerItemProxy */;
		};
/* End PBXTargetDependency section */

/* Begin XCBuildConfiguration section */
		00E356F61AD99517003FC87E /* Debug */ = {
			isa = XCBuildConfiguration;
			baseConfigurationReference = 5B7EB9410499542E8C5724F5 /* Pods-SheajPathApp-SheajPathAppTests.debug.xcconfig */;
			buildSettings = {
				BUNDLE_LOADER = "$(TEST_HOST)";
				GCC_PREPROCESSOR_DEFINITIONS = (
					"DEBUG=1",
					"$(inherited)",
				);
				INFOPLIST_FILE = SheajPathAppTests/Info.plist;
				IPHONEOS_DEPLOYMENT_TARGET = 15.1;
				LD_RUNPATH_SEARCH_PATHS = (
					"$(inherited)",
					"@executable_path/Frameworks",
					"@loader_path/Frameworks",
				);
				OTHER_LDFLAGS = (
					"-ObjC",
					"-lc++",
					"$(inherited)",
				);
				PRODUCT_BUNDLE_IDENTIFIER = "org.reactjs.native.example.$(PRODUCT_NAME:rfc1034identifier)";
				PRODUCT_NAME = "$(TARGET_NAME)";
				TEST_HOST = "$(BUILT_PRODUCTS_DIR)/SheajPathApp.app/SheajPathApp";
			};
			name = Debug;
		};
		00E356F71AD99517003FC87E /* Release */ = {
			isa = XCBuildConfiguration;
			baseConfigurationReference = 89C6BE57DB24E9ADA2F236DE /* Pods-SheajPathApp-SheajPathAppTests.release.xcconfig */;
			buildSettings = {
				BUNDLE_LOADER = "$(TEST_HOST)";
				COPY_PHASE_STRIP = NO;
				INFOPLIST_FILE = SheajPathAppTests/Info.plist;
				IPHONEOS_DEPLOYMENT_TARGET = 15.1;
				LD_RUNPATH_SEARCH_PATHS = (
					"$(inherited)",
					"@executable_path/Frameworks",
					"@loader_path/Frameworks",
				);
				OTHER_LDFLAGS = (
					"-ObjC",
					"-lc++",
					"$(inherited)",
				);
				PRODUCT_BUNDLE_IDENTIFIER = "org.reactjs.native.example.$(PRODUCT_NAME:rfc1034identifier)";
				PRODUCT_NAME = "$(TARGET_NAME)";
				TEST_HOST = "$(BUILT_PRODUCTS_DIR)/SheajPathApp.app/SheajPathApp";
			};
			name = Release;
		};
		13B07F941A680F5B00A75B9A /* Debug */ = {
			isa = XCBuildConfiguration;
			baseConfigurationReference = 3B4392A12AC88292D35C810B /* Pods-SheajPathApp.debug.xcconfig */;
			buildSettings = {
				ASSETCATALOG_COMPILER_APPICON_NAME = AppIcon;
				CLANG_ENABLE_MODULES = YES;
				CURRENT_PROJECT_VERSION = 1;
				ENABLE_BITCODE = NO;
				INFOPLIST_FILE = SheajPathApp/Info.plist;
				IPHONEOS_DEPLOYMENT_TARGET = 15.1;
				LD_RUNPATH_SEARCH_PATHS = (
					"$(inherited)",
					"@executable_path/Frameworks",
				);
				MARKETING_VERSION = 1.0;
				OTHER_LDFLAGS = (
					"$(inherited)",
					"-ObjC",
					"-lc++",
				);
				PRODUCT_BUNDLE_IDENTIFIER = "org.reactjs.native.example.$(PRODUCT_NAME:rfc1034identifier)";
				PRODUCT_NAME = SheajPathApp;
				SWIFT_OPTIMIZATION_LEVEL = "-Onone";
				SWIFT_VERSION = 5.0;
				VERSIONING_SYSTEM = "apple-generic";
			};
			name = Debug;
		};
		13B07F951A680F5B00A75B9A /* Release */ = {
			isa = XCBuildConfiguration;
			baseConfigurationReference = 5709B34CF0A7D63546082F79 /* Pods-SheajPathApp.release.xcconfig */;
			buildSettings = {
				ASSETCATALOG_COMPILER_APPICON_NAME = AppIcon;
				CLANG_ENABLE_MODULES = YES;
				CURRENT_PROJECT_VERSION = 1;
				INFOPLIST_FILE = SheajPathApp/Info.plist;
				IPHONEOS_DEPLOYMENT_TARGET = 15.1;
				LD_RUNPATH_SEARCH_PATHS = (
					"$(inherited)",
					"@executable_path/Frameworks",
				);
				MARKETING_VERSION = 1.0;
				OTHER_LDFLAGS = (
					"$(inherited)",
					"-ObjC",
					"-lc++",
				);
				PRODUCT_BUNDLE_IDENTIFIER = "org.reactjs.native.example.$(PRODUCT_NAME:rfc1034identifier)";
				PRODUCT_NAME = SheajPathApp;
				SWIFT_VERSION = 5.0;
				VERSIONING_SYSTEM = "apple-generic";
			};
			name = Release;
		};
		83CBBA201A601CBA00E9B192 /* Debug */ = {
			isa = XCBuildConfiguration;
			buildSettings = {
				ALWAYS_SEARCH_USER_PATHS = NO;
				CLANG_ANALYZER_LOCALIZABILITY_NONLOCALIZED = YES;
				CLANG_CXX_LANGUAGE_STANDARD = "c++20";
				CLANG_CXX_LIBRARY = "libc++";
				CLANG_ENABLE_MODULES = YES;
				CLANG_ENABLE_OBJC_ARC = YES;
				CLANG_WARN_BLOCK_CAPTURE_AUTORELEASING = YES;
				CLANG_WARN_BOOL_CONVERSION = YES;
				CLANG_WARN_COMMA = YES;
				CLANG_WARN_CONSTANT_CONVERSION = YES;
				CLANG_WARN_DEPRECATED_OBJC_IMPLEMENTATIONS = YES;
				CLANG_WARN_DIRECT_OBJC_ISA_USAGE = YES_ERROR;
				CLANG_WARN_EMPTY_BODY = YES;
				CLANG_WARN_ENUM_CONVERSION = YES;
				CLANG_WARN_INFINITE_RECURSION = YES;
				CLANG_WARN_INT_CONVERSION = YES;
				CLANG_WARN_NON_LITERAL_NULL_CONVERSION = YES;
				CLANG_WARN_OBJC_IMPLICIT_RETAIN_SELF = YES;
				CLANG_WARN_OBJC_LITERAL_CONVERSION = YES;
				CLANG_WARN_OBJC_ROOT_CLASS = YES_ERROR;
				CLANG_WARN_QUOTED_INCLUDE_IN_FRAMEWORK_HEADER = YES;
				CLANG_WARN_RANGE_LOOP_ANALYSIS = YES;
				CLANG_WARN_STRICT_PROTOTYPES = YES;
				CLANG_WARN_SUSPICIOUS_MOVE = YES;
				CLANG_WARN_UNREACHABLE_CODE = YES;
				CLANG_WARN__DUPLICATE_METHOD_MATCH = YES;
				"CODE_SIGN_IDENTITY[sdk=iphoneos*]" = "iPhone Developer";
				COPY_PHASE_STRIP = NO;
				ENABLE_STRICT_OBJC_MSGSEND = YES;
				ENABLE_TESTABILITY = YES;
				"EXCLUDED_ARCHS[sdk=iphonesimulator*]" = "";
				GCC_C_LANGUAGE_STANDARD = gnu99;
				GCC_DYNAMIC_NO_PIC = NO;
				GCC_NO_COMMON_BLOCKS = YES;
				GCC_OPTIMIZATION_LEVEL = 0;
				GCC_PREPROCESSOR_DEFINITIONS = (
					"DEBUG=1",
					"$(inherited)",
				);
				GCC_SYMBOLS_PRIVATE_EXTERN = NO;
				GCC_WARN_64_TO_32_BIT_CONVERSION = YES;
				GCC_WARN_ABOUT_RETURN_TYPE = YES_ERROR;
				GCC_WARN_UNDECLARED_SELECTOR = YES;
				GCC_WARN_UNINITIALIZED_AUTOS = YES_AGGRESSIVE;
				GCC_WARN_UNUSED_FUNCTION = YES;
				GCC_WARN_UNUSED_VARIABLE = YES;
				IPHONEOS_DEPLOYMENT_TARGET = 15.1;
				LD_RUNPATH_SEARCH_PATHS = (
					/usr/lib/swift,
					"$(inherited)",
				);
				LIBRARY_SEARCH_PATHS = (
					"\"$(SDKROOT)/usr/lib/swift\"",
					"\"$(TOOLCHAIN_DIR)/usr/lib/swift/$(PLATFORM_NAME)\"",
					"\"$(inherited)\"",
				);
				MTL_ENABLE_DEBUG_INFO = YES;
				ONLY_ACTIVE_ARCH = YES;
				OTHER_CPLUSPLUSFLAGS = (
					"$(OTHER_CFLAGS)",
					"-DFOLLY_NO_CONFIG",
					"-DFOLLY_MOBILE=1",
					"-DFOLLY_USE_LIBCPP=1",
					"-DFOLLY_CFG_NO_COROUTINES=1",
					"-DFOLLY_HAVE_CLOCK_GETTIME=1",
				);
				SDKROOT = iphoneos;
			};
			name = Debug;
		};
		83CBBA211A601CBA00E9B192 /* Release */ = {
			isa = XCBuildConfiguration;
			buildSettings = {
				ALWAYS_SEARCH_USER_PATHS = NO;
				CLANG_ANALYZER_LOCALIZABILITY_NONLOCALIZED = YES;
				CLANG_CXX_LANGUAGE_STANDARD = "c++20";
				CLANG_CXX_LIBRARY = "libc++";
				CLANG_ENABLE_MODULES = YES;
				CLANG_ENABLE_OBJC_ARC = YES;
				CLANG_WARN_BLOCK_CAPTURE_AUTORELEASING = YES;
				CLANG_WARN_BOOL_CONVERSION = YES;
				CLANG_WARN_COMMA = YES;
				CLANG_WARN_CONSTANT_CONVERSION = YES;
				CLANG_WARN_DEPRECATED_OBJC_IMPLEMENTATIONS = YES;
				CLANG_WARN_DIRECT_OBJC_ISA_USAGE = YES_ERROR;
				CLANG_WARN_EMPTY_BODY = YES;
				CLANG_WARN_ENUM_CONVERSION = YES;
				CLANG_WARN_INFINITE_RECURSION = YES;
				CLANG_WARN_INT_CONVERSION = YES;
				CLANG_WARN_NON_LITERAL_NULL_CONVERSION = YES;
				CLANG_WARN_OBJC_IMPLICIT_RETAIN_SELF = YES;
				CLANG_WARN_OBJC_LITERAL_CONVERSION = YES;
				CLANG_WARN_OBJC_ROOT_CLASS = YES_ERROR;
				CLANG_WARN_QUOTED_INCLUDE_IN_FRAMEWORK_HEADER = YES;
				CLANG_WARN_RANGE_LOOP_ANALYSIS = YES;
				CLANG_WARN_STRICT_PROTOTYPES = YES;
				CLANG_WARN_SUSPICIOUS_MOVE = YES;
				CLANG_WARN_UNREACHABLE_CODE = YES;
				CLANG_WARN__DUPLICATE_METHOD_MATCH = YES;
				"CODE_SIGN_IDENTITY[sdk=iphoneos*]" = "iPhone Developer";
				COPY_PHASE_STRIP = YES;
				ENABLE_NS_ASSERTIONS = NO;
				ENABLE_STRICT_OBJC_MSGSEND = YES;
				"EXCLUDED_ARCHS[sdk=iphonesimulator*]" = "";
				GCC_C_LANGUAGE_STANDARD = gnu99;
				GCC_NO_COMMON_BLOCKS = YES;
				GCC_WARN_64_TO_32_BIT_CONVERSION = YES;
				GCC_WARN_ABOUT_RETURN_TYPE = YES_ERROR;
				GCC_WARN_UNDECLARED_SELECTOR = YES;
				GCC_WARN_UNINITIALIZED_AUTOS = YES_AGGRESSIVE;
				GCC_WARN_UNUSED_FUNCTION = YES;
				GCC_WARN_UNUSED_VARIABLE = YES;
				IPHONEOS_DEPLOYMENT_TARGET = 15.1;
				LD_RUNPATH_SEARCH_PATHS = (
					/usr/lib/swift,
					"$(inherited)",
				);
				LIBRARY_SEARCH_PATHS = (
					"\"$(SDKROOT)/usr/lib/swift\"",
					"\"$(TOOLCHAIN_DIR)/usr/lib/swift/$(PLATFORM_NAME)\"",
					"\"$(inherited)\"",
				);
				MTL_ENABLE_DEBUG_INFO = NO;
				OTHER_CPLUSPLUSFLAGS = (
					"$(OTHER_CFLAGS)",
					"-DFOLLY_NO_CONFIG",
					"-DFOLLY_MOBILE=1",
					"-DFOLLY_USE_LIBCPP=1",
					"-DFOLLY_CFG_NO_COROUTINES=1",
					"-DFOLLY_HAVE_CLOCK_GETTIME=1",
				);
				SDKROOT = iphoneos;
				VALIDATE_PRODUCT = YES;
			};
			name = Release;
		};
/* End XCBuildConfiguration section */

/* Begin XCConfigurationList section */
		00E357021AD99517003FC87E /* Build configuration list for PBXNativeTarget "SheajPathAppTests" */ = {
			isa = XCConfigurationList;
			buildConfigurations = (
				00E356F61AD99517003FC87E /* Debug */,
				00E356F71AD99517003FC87E /* Release */,
			);
			defaultConfigurationIsVisible = 0;
			defaultConfigurationName = Release;
		};
		13B07F931A680F5B00A75B9A /* Build configuration list for PBXNativeTarget "SheajPathApp" */ = {
			isa = XCConfigurationList;
			buildConfigurations = (
				13B07F941A680F5B00A75B9A /* Debug */,
				13B07F951A680F5B00A75B9A /* Release */,
			);
			defaultConfigurationIsVisible = 0;
			defaultConfigurationName = Release;
		};
		83CBB9FA1A601CBA00E9B192 /* Build configuration list for PBXProject "SheajPathApp" */ = {
			isa = XCConfigurationList;
			buildConfigurations = (
				83CBBA201A601CBA00E9B192 /* Debug */,
				83CBBA211A601CBA00E9B192 /* Release */,
			);
			defaultConfigurationIsVisible = 0;
			defaultConfigurationName = Release;
		};
/* End XCConfigurationList section */
	};
	rootObject = 83CBB9F71A601CBA00E9B192 /* Project object */;
}
